Microsoft Visual Studio Solution File, Format Version 12.00
# Visual Studio Version 17
VisualStudioVersion = 17.13.35818.85
MinimumVisualStudioVersion = 10.0.40219.1
Project("{2150E333-8FDC-42A3-9474-1A3956D46DE8}") = "src", "src", "{02EA681E-C7D8-13C7-8484-4AC65E1B71E8}"
EndProject
Project("{FAE04EC0-301F-11D3-BF4B-00C04F79EFBC}") = "Cuisenie.AppHost", "src\Cuisenie.AppHost\Cuisenie.AppHost.csproj", "{E1D744A4-480B-4316-A30A-3A77C8DE52D3}"
EndProject
Project("{FAE04EC0-301F-11D3-BF4B-00C04F79EFBC}") = "Cuisenie.ServiceDefaults", "src\Cuisenie.ServiceDefaults\Cuisenie.ServiceDefaults.csproj", "{9146C069-FDB7-E1B5-FEB6-D6B81682ECCA}"
EndProject
Project("{2150E333-8FDC-42A3-9474-1A3956D46DE8}") = "tests", "tests", "{4412563A-CFD6-43A0-BD95-6E3FBDFA43BE}"
EndProject
Project("{FAE04EC0-301F-11D3-BF4B-00C04F79EFBC}") = "Cuisenie.IntegrationTests", "tests\Cuisenie.IntegrationTests\Cuisenie.IntegrationTests.csproj", "{235BFB2E-4E5B-6F94-1C76-00D57C3648C0}"
EndProject
Project("{FAE04EC0-301F-11D3-BF4B-00C04F79EFBC}") = "Cuisenie.UnitTests", "tests\Cuisenie.UnitTests\Cuisenie.UnitTests.csproj", "{5AABC467-3096-0225-FB55-E5F778C57D93}"
EndProject
Project("{2150E333-8FDC-42A3-9474-1A3956D46DE8}") = "services", "services", "{5D27451B-4EC7-47AA-A53B-1AADDA38DFA7}"
EndProject
Project("{2150E333-8FDC-42A3-9474-1A3956D46DE8}") = "client", "client", "{CD13B018-95A4-47A1-9B86-D1E4F4662394}"
EndProject
Project("{FAE04EC0-301F-11D3-BF4B-00C04F79EFBC}") = "Cuisenie.Web", "src\client\Cuisenie.Web\Cuisenie.Web.csproj", "{D959F5EC-A0A2-C37E-E57C-681C6C36D300}"
EndProject
Project("{FAE04EC0-301F-11D3-BF4B-00C04F79EFBC}") = "Cuisenie.ApiService", "src\services\Cuisenie.ApiService\Cuisenie.ApiService.csproj", "{EFFC059E-4F1B-7E52-8A2A-790C995BA60C}"
EndProject
Project("{2150E333-8FDC-42A3-9474-1A3956D46DE8}") = "gateways", "gateways", "{26FA0F6A-FF64-47F2-B1BD-B8723A4A5530}"
EndProject
Project("{FAE04EC0-301F-11D3-BF4B-00C04F79EFBC}") = "Cuisenie.IdentityService", "src\services\Cuisenie.IdentityService\Cuisenie.IdentityService.csproj", "{9BCBD9F6-7F8B-F2FB-F143-C359C74C19D6}"
EndProject
Project("{FAE04EC0-301F-11D3-BF4B-00C04F79EFBC}") = "Cuisenie.IdentityWeb", "src\client\Cuisenie.IdentityWeb\Cuisenie.IdentityWeb.csproj", "{1D72ABC5-90F5-62AB-F3A7-480DD540AA59}"
EndProject
Global
	GlobalSection(SolutionConfigurationPlatforms) = preSolution
		Debug|Any CPU = Debug|Any CPU
		Release|Any CPU = Release|Any CPU
	EndGlobalSection
	GlobalSection(ProjectConfigurationPlatforms) = postSolution
		{E1D744A4-480B-4316-A30A-3A77C8DE52D3}.Debug|Any CPU.ActiveCfg = Debug|Any CPU
		{E1D744A4-480B-4316-A30A-3A77C8DE52D3}.Debug|Any CPU.Build.0 = Debug|Any CPU
		{E1D744A4-480B-4316-A30A-3A77C8DE52D3}.Release|Any CPU.ActiveCfg = Release|Any CPU
		{E1D744A4-480B-4316-A30A-3A77C8DE52D3}.Release|Any CPU.Build.0 = Release|Any CPU
		{9146C069-FDB7-E1B5-FEB6-D6B81682ECCA}.Debug|Any CPU.ActiveCfg = Debug|Any CPU
		{9146C069-FDB7-E1B5-FEB6-D6B81682ECCA}.Debug|Any CPU.Build.0 = Debug|Any CPU
		{9146C069-FDB7-E1B5-FEB6-D6B81682ECCA}.Release|Any CPU.ActiveCfg = Release|Any CPU
		{9146C069-FDB7-E1B5-FEB6-D6B81682ECCA}.Release|Any CPU.Build.0 = Release|Any CPU
		{235BFB2E-4E5B-6F94-1C76-00D57C3648C0}.Debug|Any CPU.ActiveCfg = Debug|Any CPU
		{235BFB2E-4E5B-6F94-1C76-00D57C3648C0}.Debug|Any CPU.Build.0 = Debug|Any CPU
		{235BFB2E-4E5B-6F94-1C76-00D57C3648C0}.Release|Any CPU.ActiveCfg = Release|Any CPU
		{235BFB2E-4E5B-6F94-1C76-00D57C3648C0}.Release|Any CPU.Build.0 = Release|Any CPU
		{5AABC467-3096-0225-FB55-E5F778C57D93}.Debug|Any CPU.ActiveCfg = Debug|Any CPU
		{5AABC467-3096-0225-FB55-E5F778C57D93}.Debug|Any CPU.Build.0 = Debug|Any CPU
		{5AABC467-3096-0225-FB55-E5F778C57D93}.Release|Any CPU.ActiveCfg = Release|Any CPU
		{5AABC467-3096-0225-FB55-E5F778C57D93}.Release|Any CPU.Build.0 = Release|Any CPU
		{D959F5EC-A0A2-C37E-E57C-681C6C36D300}.Debug|Any CPU.ActiveCfg = Debug|Any CPU
		{D959F5EC-A0A2-C37E-E57C-681C6C36D300}.Debug|Any CPU.Build.0 = Debug|Any CPU
		{D959F5EC-A0A2-C37E-E57C-681C6C36D300}.Release|Any CPU.ActiveCfg = Release|Any CPU
		{D959F5EC-A0A2-C37E-E57C-681C6C36D300}.Release|Any CPU.Build.0 = Release|Any CPU
		{EFFC059E-4F1B-7E52-8A2A-790C995BA60C}.Debug|Any CPU.ActiveCfg = Debug|Any CPU
		{EFFC059E-4F1B-7E52-8A2A-790C995BA60C}.Debug|Any CPU.Build.0 = Debug|Any CPU
		{EFFC059E-4F1B-7E52-8A2A-790C995BA60C}.Release|Any CPU.ActiveCfg = Release|Any CPU
		{EFFC059E-4F1B-7E52-8A2A-790C995BA60C}.Release|Any CPU.Build.0 = Release|Any CPU
		{9BCBD9F6-7F8B-F2FB-F143-C359C74C19D6}.Debug|Any CPU.ActiveCfg = Debug|Any CPU
		{9BCBD9F6-7F8B-F2FB-F143-C359C74C19D6}.Debug|Any CPU.Build.0 = Debug|Any CPU
		{9BCBD9F6-7F8B-F2FB-F143-C359C74C19D6}.Release|Any CPU.ActiveCfg = Release|Any CPU
		{9BCBD9F6-7F8B-F2FB-F143-C359C74C19D6}.Release|Any CPU.Build.0 = Release|Any CPU
		{1D72ABC5-90F5-62AB-F3A7-480DD540AA59}.Debug|Any CPU.ActiveCfg = Debug|Any CPU
		{1D72ABC5-90F5-62AB-F3A7-480DD540AA59}.Debug|Any CPU.Build.0 = Debug|Any CPU
		{1D72ABC5-90F5-62AB-F3A7-480DD540AA59}.Release|Any CPU.ActiveCfg = Release|Any CPU
		{1D72ABC5-90F5-62AB-F3A7-480DD540AA59}.Release|Any CPU.Build.0 = Release|Any CPU
	EndGlobalSection
	GlobalSection(SolutionProperties) = preSolution
		HideSolutionNode = FALSE
	EndGlobalSection
	GlobalSection(NestedProjects) = preSolution
		{E1D744A4-480B-4316-A30A-3A77C8DE52D3} = {02EA681E-C7D8-13C7-8484-4AC65E1B71E8}
		{9146C069-FDB7-E1B5-FEB6-D6B81682ECCA} = {02EA681E-C7D8-13C7-8484-4AC65E1B71E8}
		{235BFB2E-4E5B-6F94-1C76-00D57C3648C0} = {4412563A-CFD6-43A0-BD95-6E3FBDFA43BE}
		{5AABC467-3096-0225-FB55-E5F778C57D93} = {4412563A-CFD6-43A0-BD95-6E3FBDFA43BE}
		{5D27451B-4EC7-47AA-A53B-1AADDA38DFA7} = {02EA681E-C7D8-13C7-8484-4AC65E1B71E8}
		{CD13B018-95A4-47A1-9B86-D1E4F4662394} = {02EA681E-C7D8-13C7-8484-4AC65E1B71E8}
		{D959F5EC-A0A2-C37E-E57C-681C6C36D300} = {CD13B018-95A4-47A1-9B86-D1E4F4662394}
		{EFFC059E-4F1B-7E52-8A2A-790C995BA60C} = {5D27451B-4EC7-47AA-A53B-1AADDA38DFA7}
		{26FA0F6A-FF64-47F2-B1BD-B8723A4A5530} = {02EA681E-C7D8-13C7-8484-4AC65E1B71E8}
		{9BCBD9F6-7F8B-F2FB-F143-C359C74C19D6} = {5D27451B-4EC7-47AA-A53B-1AADDA38DFA7}
		{1D72ABC5-90F5-62AB-F3A7-480DD540AA59} = {CD13B018-95A4-47A1-9B86-D1E4F4662394}
	EndGlobalSection
	GlobalSection(ExtensibilityGlobals) = postSolution
		SolutionGuid = {60256727-BD12-4AA3-A9E2-A8253AD390FB}
	EndGlobalSection
EndGlobal
